
Microsoft Visual Studio Solution File, Format Version 12.00
# Visual Studio 15
Project("{FAE04EC0-301F-11D3-BF4B-00C04F79EFBC}") = "Assembly-CSharp", "Assembly-CSharp.csproj", "{51CEDAD4-1718-340C-B4EF-A4FF9A4DD37C}"
EndProject
Project("{FAE04EC0-301F-11D3-BF4B-00C04F79EFBC}") = "UnityGameFramework.Runtime", "UnityGameFramework.Runtime.csproj", "{CBE25DF6-30E5-5D79-A3F8-C4CF98F5425B}"
EndProject
Project("{FAE04EC0-301F-11D3-BF4B-00C04F79EFBC}") = "UnityGameFramework.Editor", "UnityGameFramework.Editor.csproj", "{882E5CC2-BCB8-F81D-A859-7BA68FE14040}"
EndProject
Project("{FAE04EC0-301F-11D3-BF4B-00C04F79EFBC}") = "Assembly-CSharp-Editor", "Assembly-CSharp-Editor.csproj", "{FDCD78CD-7C89-606D-BB3F-B4E6B6995EE2}"
EndProject
Global
	GlobalSection(SolutionConfigurationPlatforms) = preSolution
		Debug|Any CPU = Debug|Any CPU
		Release|Any CPU = Release|Any CPU
	EndGlobalSection
	GlobalSection(ProjectConfigurationPlatforms) = postSolution
		{51CEDAD4-1718-340C-B4EF-A4FF9A4DD37C}.Debug|Any CPU.ActiveCfg = Debug|Any CPU
		{51CEDAD4-1718-340C-B4EF-A4FF9A4DD37C}.Debug|Any CPU.Build.0 = Debug|Any CPU
		{51CEDAD4-1718-340C-B4EF-A4FF9A4DD37C}.Release|Any CPU.ActiveCfg = Release|Any CPU
		{51CEDAD4-1718-340C-B4EF-A4FF9A4DD37C}.Release|Any CPU.Build.0 = Release|Any CPU
		{CBE25DF6-30E5-5D79-A3F8-C4CF98F5425B}.Debug|Any CPU.ActiveCfg = Debug|Any CPU
		{CBE25DF6-30E5-5D79-A3F8-C4CF98F5425B}.Debug|Any CPU.Build.0 = Debug|Any CPU
		{CBE25DF6-30E5-5D79-A3F8-C4CF98F5425B}.Release|Any CPU.ActiveCfg = Release|Any CPU
		{CBE25DF6-30E5-5D79-A3F8-C4CF98F5425B}.Release|Any CPU.Build.0 = Release|Any CPU
		{882E5CC2-BCB8-F81D-A859-7BA68FE14040}.Debug|Any CPU.ActiveCfg = Debug|Any CPU
		{882E5CC2-BCB8-F81D-A859-7BA68FE14040}.Debug|Any CPU.Build.0 = Debug|Any CPU
		{882E5CC2-BCB8-F81D-A859-7BA68FE14040}.Release|Any CPU.ActiveCfg = Release|Any CPU
		{882E5CC2-BCB8-F81D-A859-7BA68FE14040}.Release|Any CPU.Build.0 = Release|Any CPU
		{FDCD78CD-7C89-606D-BB3F-B4E6B6995EE2}.Debug|Any CPU.ActiveCfg = Debug|Any CPU
		{FDCD78CD-7C89-606D-BB3F-B4E6B6995EE2}.Debug|Any CPU.Build.0 = Debug|Any CPU
		{FDCD78CD-7C89-606D-BB3F-B4E6B6995EE2}.Release|Any CPU.ActiveCfg = Release|Any CPU
		{FDCD78CD-7C89-606D-BB3F-B4E6B6995EE2}.Release|Any CPU.Build.0 = Release|Any CPU
	EndGlobalSection
	GlobalSection(SolutionProperties) = preSolution
		HideSolutionNode = FALSE
	EndGlobalSection
EndGlobal
